
Microsoft Visual Studio Solution File, Format Version 12.00
# Visual Studio Version 16
VisualStudioVersion = 16.0.33423.256
MinimumVisualStudioVersion = 10.0.40219.1
Project("{FAE04EC0-301F-11D3-BF4B-00C04F79EFBC}") = "Windows_Forams_LocManager", "Windows_Forams_LocManager\Windows_Forams_LocManager.csproj", "{997A2A4A-7A74-4576-8262-96C5339FA9FC}"
EndProject
Global
	GlobalSection(SolutionConfigurationPlatforms) = preSolution
		Debug|Any CPU = Debug|Any CPU
		Release|Any CPU = Release|Any CPU
	EndGlobalSection
	GlobalSection(ProjectConfigurationPlatforms) = postSolution
		{997A2A4A-7A74-4576-8262-96C5339FA9FC}.Debug|Any CPU.ActiveCfg = Debug|Any CPU
		{997A2A4A-7A74-4576-8262-96C5339FA9FC}.Debug|Any CPU.Build.0 = Debug|Any CPU
		{997A2A4A-7A74-4576-8262-96C5339FA9FC}.Release|Any CPU.ActiveCfg = Release|Any CPU
		{997A2A4A-7A74-4576-8262-96C5339FA9FC}.Release|Any CPU.Build.0 = Release|Any CPU
	EndGlobalSection
	GlobalSection(SolutionProperties) = preSolution
		HideSolutionNode = FALSE
	EndGlobalSection
	GlobalSection(ExtensibilityGlobals) = postSolution
		SolutionGuid = {EC3C88C5-023D-4024-BBA9-BFD39B4C1A67}
	EndGlobalSection
EndGlobal
